{
  "name": "lab06",
  "lockfileVersion": 3,
  "requires": true,
  "packages": {
    "": {
      "dependencies": {
        "m0603_iyacooleditionclaimyourswaga": "^1.0.0",
        "nodemailer": "^7.0.10"
      }
    },
    "node_modules/m0603_iyacooleditionclaimyourswaga": {
      "version": "1.0.0",
      "resolved": "https://registry.npmjs.org/m0603_iyacooleditionclaimyourswaga/-/m0603_iyacooleditionclaimyourswaga-1.0.0.tgz",
      "integrity": "sha512-qqTqtv58g8+IbrilYXLm+bWFyo9hLLpfT+W0iJesIG/6ue0N5k7poKFTSG9lz5D6I3tkjl4BwqxxyMHS9hL7hQ==",
      "license": "MIT",
      "dependencies": {
        "nodemailer": "^6.9.7"
      }
    },
    "node_modules/m0603_iyacooleditionclaimyourswaga/node_modules/nodemailer": {
      "version": "6.10.1",
      "resolved": "https://registry.npmjs.org/nodemailer/-/nodemailer-6.10.1.tgz",
      "integrity": "sha512-Z+iLaBGVaSjbIzQ4pX6XV41HrooLsQ10ZWPUehGmuantvzWoDVBnmsdUcOIDM1t+yPor5pDhVlDESgOMEGxhHA==",
      "license": "MIT-0",
      "engines": {
        "node": ">=6.0.0"
      }
    },
    "node_modules/nodemailer": {
      "version": "7.0.10",
      "resolved": "https://registry.npmjs.org/nodemailer/-/nodemailer-7.0.10.tgz",
      "integrity": "sha512-Us/Se1WtT0ylXgNFfyFSx4LElllVLJXQjWi2Xz17xWw7amDKO2MLtFnVp1WACy7GkVGs+oBlRopVNUzlrGSw1w==",
      "license": "MIT-0",
      "engines": {
        "node": ">=6.0.0"
      }
    }
  }
}
